
Microsoft Visual Studio Solution File, Format Version 12.00
# Visual Studio Version 16
VisualStudioVersion = 16.0.30128.74
MinimumVisualStudioVersion = 10.0.40219.1
Project("{FAE04EC0-301F-11D3-BF4B-00C04F79EFBC}") = "SensorsDemo.App", "SensorsDemo.App\SensorsDemo.App.csproj", "{FD48AB15-D2DE-42D7-86B7-61A3785734F6}"
EndProject
Global
	GlobalSection(SolutionConfigurationPlatforms) = preSolution
		Debug|Any CPU = Debug|Any CPU
		Release|Any CPU = Release|Any CPU
	EndGlobalSection
	GlobalSection(ProjectConfigurationPlatforms) = postSolution
		{FD48AB15-D2DE-42D7-86B7-61A3785734F6}.Debug|Any CPU.ActiveCfg = Debug|Any CPU
		{FD48AB15-D2DE-42D7-86B7-61A3785734F6}.Debug|Any CPU.Build.0 = Debug|Any CPU
		{FD48AB15-D2DE-42D7-86B7-61A3785734F6}.Release|Any CPU.ActiveCfg = Release|Any CPU
		{FD48AB15-D2DE-42D7-86B7-61A3785734F6}.Release|Any CPU.Build.0 = Release|Any CPU
	EndGlobalSection
	GlobalSection(SolutionProperties) = preSolution
		HideSolutionNode = FALSE
	EndGlobalSection
	GlobalSection(ExtensibilityGlobals) = postSolution
		SolutionGuid = {CC4818C1-064C-4041-9EAA-6E63AA7420BB}
	EndGlobalSection
EndGlobal
